
Microsoft Visual Studio Solution File, Format Version 12.00
# Visual Studio Version 16
VisualStudioVersion = 16.0.30804.86
MinimumVisualStudioVersion = 10.0.40219.1
Project("{FAE04EC0-301F-11D3-BF4B-00C04F79EFBC}") = "TrelloProject", "TrelloProject\TrelloProject.csproj", "{AED44342-BE96-413B-B58A-15603EE12F2A}"
EndProject
Global
	GlobalSection(SolutionConfigurationPlatforms) = preSolution
		Debug|Any CPU = Debug|Any CPU
		Release|Any CPU = Release|Any CPU
	EndGlobalSection
	GlobalSection(ProjectConfigurationPlatforms) = postSolution
		{AED44342-BE96-413B-B58A-15603EE12F2A}.Debug|Any CPU.ActiveCfg = Debug|Any CPU
		{AED44342-BE96-413B-B58A-15603EE12F2A}.Debug|Any CPU.Build.0 = Debug|Any CPU
		{AED44342-BE96-413B-B58A-15603EE12F2A}.Release|Any CPU.ActiveCfg = Release|Any CPU
		{AED44342-BE96-413B-B58A-15603EE12F2A}.Release|Any CPU.Build.0 = Release|Any CPU
	EndGlobalSection
	GlobalSection(SolutionProperties) = preSolution
		HideSolutionNode = FALSE
	EndGlobalSection
	GlobalSection(ExtensibilityGlobals) = postSolution
		SolutionGuid = {6FE636A4-B732-4D86-AFF8-14CDB8F0C93C}
	EndGlobalSection
EndGlobal
